
Microsoft Visual Studio Solution File, Format Version 12.00
# Visual Studio Version 16
VisualStudioVersion = 16.0.29020.237
MinimumVisualStudioVersion = 10.0.40219.1
Project("{FAE04EC0-301F-11D3-BF4B-00C04F79EFBC}") = "ShoppingCart", "ShoppingCart\ShoppingCart.csproj", "{3F0391DF-3B1D-4303-9515-769C0B3B2458}"
EndProject
Global
	GlobalSection(SolutionConfigurationPlatforms) = preSolution
		Debug|Any CPU = Debug|Any CPU
		Release|Any CPU = Release|Any CPU
	EndGlobalSection
	GlobalSection(ProjectConfigurationPlatforms) = postSolution
		{3F0391DF-3B1D-4303-9515-769C0B3B2458}.Debug|Any CPU.ActiveCfg = Debug|Any CPU
		{3F0391DF-3B1D-4303-9515-769C0B3B2458}.Debug|Any CPU.Build.0 = Debug|Any CPU
		{3F0391DF-3B1D-4303-9515-769C0B3B2458}.Release|Any CPU.ActiveCfg = Release|Any CPU
		{3F0391DF-3B1D-4303-9515-769C0B3B2458}.Release|Any CPU.Build.0 = Release|Any CPU
	EndGlobalSection
	GlobalSection(SolutionProperties) = preSolution
		HideSolutionNode = FALSE
	EndGlobalSection
	GlobalSection(ExtensibilityGlobals) = postSolution
		SolutionGuid = {30AAC5FB-F0FE-4AFC-9520-6592087804AF}
	EndGlobalSection
EndGlobal
